
Microsoft Visual Studio Solution File, Format Version 12.00
# Visual Studio Version 16
VisualStudioVersion = 16.0.30204.135
MinimumVisualStudioVersion = 10.0.40219.1
Project("{FAE04EC0-301F-11D3-BF4B-00C04F79EFBC}") = "Atma.Web", "Atma\Atma.Web.csproj", "{90DB5014-D973-41D1-89A6-F8EBA2014919}"
EndProject
Project("{FAE04EC0-301F-11D3-BF4B-00C04F79EFBC}") = "Atma.DataAccess", "Atma.DataAccess\Atma.DataAccess.csproj", "{7A5AB323-37A2-45F8-A059-8985EF121785}"
EndProject
Project("{FAE04EC0-301F-11D3-BF4B-00C04F79EFBC}") = "Atma.Core", "Atma.Core\Atma.Core.csproj", "{6F54DFA7-767B-4AB3-8C0E-5823CD574DDA}"
EndProject
Global
	GlobalSection(SolutionConfigurationPlatforms) = preSolution
		Debug|Any CPU = Debug|Any CPU
		Release|Any CPU = Release|Any CPU
	EndGlobalSection
	GlobalSection(ProjectConfigurationPlatforms) = postSolution
		{90DB5014-D973-41D1-89A6-F8EBA2014919}.Debug|Any CPU.ActiveCfg = Debug|Any CPU
		{90DB5014-D973-41D1-89A6-F8EBA2014919}.Debug|Any CPU.Build.0 = Debug|Any CPU
		{90DB5014-D973-41D1-89A6-F8EBA2014919}.Release|Any CPU.ActiveCfg = Release|Any CPU
		{90DB5014-D973-41D1-89A6-F8EBA2014919}.Release|Any CPU.Build.0 = Release|Any CPU
		{7A5AB323-37A2-45F8-A059-8985EF121785}.Debug|Any CPU.ActiveCfg = Debug|Any CPU
		{7A5AB323-37A2-45F8-A059-8985EF121785}.Debug|Any CPU.Build.0 = Debug|Any CPU
		{7A5AB323-37A2-45F8-A059-8985EF121785}.Release|Any CPU.ActiveCfg = Release|Any CPU
		{7A5AB323-37A2-45F8-A059-8985EF121785}.Release|Any CPU.Build.0 = Release|Any CPU
		{6F54DFA7-767B-4AB3-8C0E-5823CD574DDA}.Debug|Any CPU.ActiveCfg = Debug|Any CPU
		{6F54DFA7-767B-4AB3-8C0E-5823CD574DDA}.Debug|Any CPU.Build.0 = Debug|Any CPU
		{6F54DFA7-767B-4AB3-8C0E-5823CD574DDA}.Release|Any CPU.ActiveCfg = Release|Any CPU
		{6F54DFA7-767B-4AB3-8C0E-5823CD574DDA}.Release|Any CPU.Build.0 = Release|Any CPU
	EndGlobalSection
	GlobalSection(SolutionProperties) = preSolution
		HideSolutionNode = FALSE
	EndGlobalSection
	GlobalSection(ExtensibilityGlobals) = postSolution
		SolutionGuid = {910E1C78-E1DD-4BEA-8F89-B650DCE0694C}
	EndGlobalSection
EndGlobal
